
Microsoft Visual Studio Solution File, Format Version 12.00
# Visual Studio Version 16
VisualStudioVersion = 16.0.31112.23
MinimumVisualStudioVersion = 10.0.40219.1
Project("{FAE04EC0-301F-11D3-BF4B-00C04F79EFBC}") = "ProxyPattern", "ProxyPattern\ProxyPattern.csproj", "{BC1BEFCF-64D6-4A8C-8C77-9525E2375D8D}"
EndProject
Global
	GlobalSection(SolutionConfigurationPlatforms) = preSolution
		Debug|Any CPU = Debug|Any CPU
		Release|Any CPU = Release|Any CPU
	EndGlobalSection
	GlobalSection(ProjectConfigurationPlatforms) = postSolution
		{BC1BEFCF-64D6-4A8C-8C77-9525E2375D8D}.Debug|Any CPU.ActiveCfg = Debug|Any CPU
		{BC1BEFCF-64D6-4A8C-8C77-9525E2375D8D}.Debug|Any CPU.Build.0 = Debug|Any CPU
		{BC1BEFCF-64D6-4A8C-8C77-9525E2375D8D}.Release|Any CPU.ActiveCfg = Release|Any CPU
		{BC1BEFCF-64D6-4A8C-8C77-9525E2375D8D}.Release|Any CPU.Build.0 = Release|Any CPU
	EndGlobalSection
	GlobalSection(SolutionProperties) = preSolution
		HideSolutionNode = FALSE
	EndGlobalSection
	GlobalSection(ExtensibilityGlobals) = postSolution
		SolutionGuid = {5939C58A-CF15-44CE-86AF-D0FA29BD995A}
	EndGlobalSection
EndGlobal
