
Microsoft Visual Studio Solution File, Format Version 12.00
# Visual Studio Version 16
VisualStudioVersion = 16.0.31105.61
MinimumVisualStudioVersion = 10.0.40219.1
Project("{FAE04EC0-301F-11D3-BF4B-00C04F79EFBC}") = "DecoratorPattern", "DecoratorPattern\DecoratorPattern.csproj", "{50FD6A32-EB52-4C0A-9091-E4B2AAF1AE81}"
EndProject
Global
	GlobalSection(SolutionConfigurationPlatforms) = preSolution
		Debug|Any CPU = Debug|Any CPU
		Release|Any CPU = Release|Any CPU
	EndGlobalSection
	GlobalSection(ProjectConfigurationPlatforms) = postSolution
		{50FD6A32-EB52-4C0A-9091-E4B2AAF1AE81}.Debug|Any CPU.ActiveCfg = Debug|Any CPU
		{50FD6A32-EB52-4C0A-9091-E4B2AAF1AE81}.Debug|Any CPU.Build.0 = Debug|Any CPU
		{50FD6A32-EB52-4C0A-9091-E4B2AAF1AE81}.Release|Any CPU.ActiveCfg = Release|Any CPU
		{50FD6A32-EB52-4C0A-9091-E4B2AAF1AE81}.Release|Any CPU.Build.0 = Release|Any CPU
	EndGlobalSection
	GlobalSection(SolutionProperties) = preSolution
		HideSolutionNode = FALSE
	EndGlobalSection
	GlobalSection(ExtensibilityGlobals) = postSolution
		SolutionGuid = {C48C4C5D-9E07-40E3-84CB-040725ED2EB0}
	EndGlobalSection
EndGlobal
